{
    "requires": true,
    "lockfileVersion": 1,
    "dependencies": {
        "@stripe/stripe-js": {
            "version": "1.15.0",
            "resolved": "https://registry.npmjs.org/@stripe/stripe-js/-/stripe-js-1.15.0.tgz",
            "integrity": "sha512-KQsNPc+uVQkc8dewwz1A6uHOWeU2cWoZyNIbsx5mtmperr5TPxw4u8M20WOa22n6zmIOh/zLdzEe8DYK/0IjBw==",
            "dev": true
        }
    }
}
